
Microsoft Visual Studio Solution File, Format Version 12.00
# Visual Studio Version 17
VisualStudioVersion = 17.5.33424.131
MinimumVisualStudioVersion = 10.0.40219.1
Project("{9A19103F-16F7-4668-BE54-9A1E7A4F7556}") = "AndreTurismoApp", "AndreTurismoApp\AndreTurismoApp.csproj", "{E4A6ADEC-A2BA-4619-8063-75FFC68EA472}"
EndProject
Project("{9A19103F-16F7-4668-BE54-9A1E7A4F7556}") = "AndreTurismoApp.Models", "AndreTurismoApp.Models\AndreTurismoApp.Models.csproj", "{B0B839FA-B3D6-44C9-8038-60D815663850}"
EndProject
Project("{9A19103F-16F7-4668-BE54-9A1E7A4F7556}") = "AndreTurismoApp.Services", "AndreTurismoApp.Services\AndreTurismoApp.Services.csproj", "{92D83B7D-4BDA-465F-9CFB-F9A89034C4B5}"
EndProject
Project("{9A19103F-16F7-4668-BE54-9A1E7A4F7556}") = "AndreTurismoApp.Repositories", "AndreTurismoApp.Repositories\AndreTurismoApp.Repositories.csproj", "{BE5D98D9-4C07-4EBA-A2A2-6B981A830EB9}"
EndProject
Project("{9A19103F-16F7-4668-BE54-9A1E7A4F7556}") = "AndreTurismoApp.AddressService", "AndreTurismoApp.AddressService\AndreTurismoApp.AddressService.csproj", "{F298E595-4B36-474A-9606-C2765480BE91}"
EndProject
Project("{FAE04EC0-301F-11D3-BF4B-00C04F79EFBC}") = "AndreTurismoApp.CityService", "AndreTurismoApp.CityService\AndreTurismoApp.CityService.csproj", "{C51B4611-9CFC-47FD-930D-DE75A2359025}"
EndProject
Project("{FAE04EC0-301F-11D3-BF4B-00C04F79EFBC}") = "AndreTurismo.App.HotelService", "AndreTurismo.App.HotelService\AndreTurismo.App.HotelService.csproj", "{E972E4D9-5964-4074-A370-E2F968BA8A3E}"
EndProject
Project("{FAE04EC0-301F-11D3-BF4B-00C04F79EFBC}") = "AndreTurismoApp.TicketService", "AndreTurismoApp.TicketService\AndreTurismoApp.TicketService.csproj", "{0B379F4B-E657-4583-8922-4A1796B770B1}"
EndProject
Project("{FAE04EC0-301F-11D3-BF4B-00C04F79EFBC}") = "AndreTurismoApp.ClientService", "AndreTurismoApp.ClientService\AndreTurismoApp.ClientService.csproj", "{68EE9F48-8B10-45E6-906C-3EE6CCEFBBA0}"
EndProject
Project("{FAE04EC0-301F-11D3-BF4B-00C04F79EFBC}") = "AndreTurismoApp.PackageService", "AndreTurismoApp.PackageService\AndreTurismoApp.PackageService.csproj", "{F18BECB8-ADFC-4454-8F41-28FE14B1B9DA}"
EndProject
Project("{2150E333-8FDC-42A3-9474-1A3956D46DE8}") = "Microservices", "Microservices", "{8ADF6D00-02C4-45E5-87E6-BA0906C9A918}"
EndProject
Project("{2150E333-8FDC-42A3-9474-1A3956D46DE8}") = "Dapper", "Dapper", "{5AD9EB1A-7E11-4A9D-9529-027EE3EDCA89}"
EndProject
Project("{2150E333-8FDC-42A3-9474-1A3956D46DE8}") = "Core", "Core", "{C84BBEE6-0363-45DA-8812-B0F1761CA911}"
EndProject
Project("{FAE04EC0-301F-11D3-BF4B-00C04F79EFBC}") = "AndreTurismoApp.ExternalService", "AndreTurismoApp.ExternalService\AndreTurismoApp.ExternalService.csproj", "{063BCDE2-108E-4E6F-B047-FD751E711674}"
EndProject
Global
	GlobalSection(SolutionConfigurationPlatforms) = preSolution
		Debug|Any CPU = Debug|Any CPU
		Release|Any CPU = Release|Any CPU
	EndGlobalSection
	GlobalSection(ProjectConfigurationPlatforms) = postSolution
		{E4A6ADEC-A2BA-4619-8063-75FFC68EA472}.Debug|Any CPU.ActiveCfg = Debug|Any CPU
		{E4A6ADEC-A2BA-4619-8063-75FFC68EA472}.Debug|Any CPU.Build.0 = Debug|Any CPU
		{E4A6ADEC-A2BA-4619-8063-75FFC68EA472}.Release|Any CPU.ActiveCfg = Release|Any CPU
		{E4A6ADEC-A2BA-4619-8063-75FFC68EA472}.Release|Any CPU.Build.0 = Release|Any CPU
		{B0B839FA-B3D6-44C9-8038-60D815663850}.Debug|Any CPU.ActiveCfg = Debug|Any CPU
		{B0B839FA-B3D6-44C9-8038-60D815663850}.Debug|Any CPU.Build.0 = Debug|Any CPU
		{B0B839FA-B3D6-44C9-8038-60D815663850}.Release|Any CPU.ActiveCfg = Release|Any CPU
		{B0B839FA-B3D6-44C9-8038-60D815663850}.Release|Any CPU.Build.0 = Release|Any CPU
		{92D83B7D-4BDA-465F-9CFB-F9A89034C4B5}.Debug|Any CPU.ActiveCfg = Debug|Any CPU
		{92D83B7D-4BDA-465F-9CFB-F9A89034C4B5}.Debug|Any CPU.Build.0 = Debug|Any CPU
		{92D83B7D-4BDA-465F-9CFB-F9A89034C4B5}.Release|Any CPU.ActiveCfg = Release|Any CPU
		{92D83B7D-4BDA-465F-9CFB-F9A89034C4B5}.Release|Any CPU.Build.0 = Release|Any CPU
		{BE5D98D9-4C07-4EBA-A2A2-6B981A830EB9}.Debug|Any CPU.ActiveCfg = Debug|Any CPU
		{BE5D98D9-4C07-4EBA-A2A2-6B981A830EB9}.Debug|Any CPU.Build.0 = Debug|Any CPU
		{BE5D98D9-4C07-4EBA-A2A2-6B981A830EB9}.Release|Any CPU.ActiveCfg = Release|Any CPU
		{BE5D98D9-4C07-4EBA-A2A2-6B981A830EB9}.Release|Any CPU.Build.0 = Release|Any CPU
		{F298E595-4B36-474A-9606-C2765480BE91}.Debug|Any CPU.ActiveCfg = Debug|Any CPU
		{F298E595-4B36-474A-9606-C2765480BE91}.Debug|Any CPU.Build.0 = Debug|Any CPU
		{F298E595-4B36-474A-9606-C2765480BE91}.Release|Any CPU.ActiveCfg = Release|Any CPU
		{F298E595-4B36-474A-9606-C2765480BE91}.Release|Any CPU.Build.0 = Release|Any CPU
		{C51B4611-9CFC-47FD-930D-DE75A2359025}.Debug|Any CPU.ActiveCfg = Debug|Any CPU
		{C51B4611-9CFC-47FD-930D-DE75A2359025}.Debug|Any CPU.Build.0 = Debug|Any CPU
		{C51B4611-9CFC-47FD-930D-DE75A2359025}.Release|Any CPU.ActiveCfg = Release|Any CPU
		{C51B4611-9CFC-47FD-930D-DE75A2359025}.Release|Any CPU.Build.0 = Release|Any CPU
		{E972E4D9-5964-4074-A370-E2F968BA8A3E}.Debug|Any CPU.ActiveCfg = Debug|Any CPU
		{E972E4D9-5964-4074-A370-E2F968BA8A3E}.Debug|Any CPU.Build.0 = Debug|Any CPU
		{E972E4D9-5964-4074-A370-E2F968BA8A3E}.Release|Any CPU.ActiveCfg = Release|Any CPU
		{E972E4D9-5964-4074-A370-E2F968BA8A3E}.Release|Any CPU.Build.0 = Release|Any CPU
		{0B379F4B-E657-4583-8922-4A1796B770B1}.Debug|Any CPU.ActiveCfg = Debug|Any CPU
		{0B379F4B-E657-4583-8922-4A1796B770B1}.Debug|Any CPU.Build.0 = Debug|Any CPU
		{0B379F4B-E657-4583-8922-4A1796B770B1}.Release|Any CPU.ActiveCfg = Release|Any CPU
		{0B379F4B-E657-4583-8922-4A1796B770B1}.Release|Any CPU.Build.0 = Release|Any CPU
		{68EE9F48-8B10-45E6-906C-3EE6CCEFBBA0}.Debug|Any CPU.ActiveCfg = Debug|Any CPU
		{68EE9F48-8B10-45E6-906C-3EE6CCEFBBA0}.Debug|Any CPU.Build.0 = Debug|Any CPU
		{68EE9F48-8B10-45E6-906C-3EE6CCEFBBA0}.Release|Any CPU.ActiveCfg = Release|Any CPU
		{68EE9F48-8B10-45E6-906C-3EE6CCEFBBA0}.Release|Any CPU.Build.0 = Release|Any CPU
		{F18BECB8-ADFC-4454-8F41-28FE14B1B9DA}.Debug|Any CPU.ActiveCfg = Debug|Any CPU
		{F18BECB8-ADFC-4454-8F41-28FE14B1B9DA}.Debug|Any CPU.Build.0 = Debug|Any CPU
		{F18BECB8-ADFC-4454-8F41-28FE14B1B9DA}.Release|Any CPU.ActiveCfg = Release|Any CPU
		{F18BECB8-ADFC-4454-8F41-28FE14B1B9DA}.Release|Any CPU.Build.0 = Release|Any CPU
		{063BCDE2-108E-4E6F-B047-FD751E711674}.Debug|Any CPU.ActiveCfg = Debug|Any CPU
		{063BCDE2-108E-4E6F-B047-FD751E711674}.Debug|Any CPU.Build.0 = Debug|Any CPU
		{063BCDE2-108E-4E6F-B047-FD751E711674}.Release|Any CPU.ActiveCfg = Release|Any CPU
		{063BCDE2-108E-4E6F-B047-FD751E711674}.Release|Any CPU.Build.0 = Release|Any CPU
	EndGlobalSection
	GlobalSection(SolutionProperties) = preSolution
		HideSolutionNode = FALSE
	EndGlobalSection
	GlobalSection(NestedProjects) = preSolution
		{E4A6ADEC-A2BA-4619-8063-75FFC68EA472} = {5AD9EB1A-7E11-4A9D-9529-027EE3EDCA89}
		{B0B839FA-B3D6-44C9-8038-60D815663850} = {C84BBEE6-0363-45DA-8812-B0F1761CA911}
		{92D83B7D-4BDA-465F-9CFB-F9A89034C4B5} = {5AD9EB1A-7E11-4A9D-9529-027EE3EDCA89}
		{BE5D98D9-4C07-4EBA-A2A2-6B981A830EB9} = {5AD9EB1A-7E11-4A9D-9529-027EE3EDCA89}
		{F298E595-4B36-474A-9606-C2765480BE91} = {8ADF6D00-02C4-45E5-87E6-BA0906C9A918}
		{C51B4611-9CFC-47FD-930D-DE75A2359025} = {8ADF6D00-02C4-45E5-87E6-BA0906C9A918}
		{E972E4D9-5964-4074-A370-E2F968BA8A3E} = {8ADF6D00-02C4-45E5-87E6-BA0906C9A918}
		{0B379F4B-E657-4583-8922-4A1796B770B1} = {8ADF6D00-02C4-45E5-87E6-BA0906C9A918}
		{68EE9F48-8B10-45E6-906C-3EE6CCEFBBA0} = {8ADF6D00-02C4-45E5-87E6-BA0906C9A918}
		{F18BECB8-ADFC-4454-8F41-28FE14B1B9DA} = {8ADF6D00-02C4-45E5-87E6-BA0906C9A918}
		{063BCDE2-108E-4E6F-B047-FD751E711674} = {C84BBEE6-0363-45DA-8812-B0F1761CA911}
	EndGlobalSection
	GlobalSection(ExtensibilityGlobals) = postSolution
		SolutionGuid = {3C720AC1-ACC9-4B40-BAD8-0B5F78815ED3}
	EndGlobalSection
EndGlobal
